
Microsoft Visual Studio Solution File, Format Version 12.00
# Visual Studio 15
VisualStudioVersion = 15.0.27004.2009
MinimumVisualStudioVersion = 10.0.40219.1
Project("{FAE04EC0-301F-11D3-BF4B-00C04F79EFBC}") = "ConsoleVoiliers", "ConsoleVoiliers\ConsoleVoiliers.csproj", "{B4AE622C-0126-49A5-842A-ED1474976AA4}"
EndProject
Project("{9A19103F-16F7-4668-BE54-9A1E7A4F7556}") = "Class", "ClassLibrary1\Class.csproj", "{97E96C55-B35B-4140-B7C8-025FFDAFC521}"
EndProject
Global
	GlobalSection(SolutionConfigurationPlatforms) = preSolution
		Debug|Any CPU = Debug|Any CPU
		Release|Any CPU = Release|Any CPU
	EndGlobalSection
	GlobalSection(ProjectConfigurationPlatforms) = postSolution
		{B4AE622C-0126-49A5-842A-ED1474976AA4}.Debug|Any CPU.ActiveCfg = Debug|Any CPU
		{B4AE622C-0126-49A5-842A-ED1474976AA4}.Debug|Any CPU.Build.0 = Debug|Any CPU
		{B4AE622C-0126-49A5-842A-ED1474976AA4}.Release|Any CPU.ActiveCfg = Release|Any CPU
		{B4AE622C-0126-49A5-842A-ED1474976AA4}.Release|Any CPU.Build.0 = Release|Any CPU
		{97E96C55-B35B-4140-B7C8-025FFDAFC521}.Debug|Any CPU.ActiveCfg = Debug|Any CPU
		{97E96C55-B35B-4140-B7C8-025FFDAFC521}.Debug|Any CPU.Build.0 = Debug|Any CPU
		{97E96C55-B35B-4140-B7C8-025FFDAFC521}.Release|Any CPU.ActiveCfg = Release|Any CPU
		{97E96C55-B35B-4140-B7C8-025FFDAFC521}.Release|Any CPU.Build.0 = Release|Any CPU
	EndGlobalSection
	GlobalSection(SolutionProperties) = preSolution
		HideSolutionNode = FALSE
	EndGlobalSection
	GlobalSection(ExtensibilityGlobals) = postSolution
		SolutionGuid = {BC6871AB-715F-46D6-A013-47CEDB260B77}
	EndGlobalSection
EndGlobal
